{
  "name": "hw-library",
  "version": "1.0.0",
  "lockfileVersion": 1,
  "requires": true,
  "dependencies": {
    "@aleksandr-ljabin/hw": {
      "version": "1.0.0",
      "resolved": "https://npm.pkg.github.com/download/@aleksandr-ljabin/hw/1.0.0/f3fb60d19d84fc9f4496e16896462e81cf1d880958a20d919234d891c2101b7c",
      "integrity": "sha512-nJFhIGhqq8NAUUZi9rLP7XLPE29ZKw4c1DhvYQ5hjY9+Td5mooMU07QJsS/x7xozfXCfwHzpaeCyY3gNLq6Nnw==",
      "dev": true
    }
  }
}
